
Microsoft Visual Studio Solution File, Format Version 12.00
# Visual Studio Version 16
VisualStudioVersion = 16.0.32126.315
MinimumVisualStudioVersion = 10.0.40219.1
Project("{FAE04EC0-301F-11D3-BF4B-00C04F79EFBC}") = "EspritLoginApi", "EspritLogin\EspritLoginApi.csproj", "{C81C324A-5E1D-4C52-B23D-17C8002845D1}"
EndProject
Global
	GlobalSection(SolutionConfigurationPlatforms) = preSolution
		Debug|Any CPU = Debug|Any CPU
		Release|Any CPU = Release|Any CPU
	EndGlobalSection
	GlobalSection(ProjectConfigurationPlatforms) = postSolution
		{C81C324A-5E1D-4C52-B23D-17C8002845D1}.Debug|Any CPU.ActiveCfg = Debug|Any CPU
		{C81C324A-5E1D-4C52-B23D-17C8002845D1}.Debug|Any CPU.Build.0 = Debug|Any CPU
		{C81C324A-5E1D-4C52-B23D-17C8002845D1}.Release|Any CPU.ActiveCfg = Release|Any CPU
		{C81C324A-5E1D-4C52-B23D-17C8002845D1}.Release|Any CPU.Build.0 = Release|Any CPU
	EndGlobalSection
	GlobalSection(SolutionProperties) = preSolution
		HideSolutionNode = FALSE
	EndGlobalSection
	GlobalSection(ExtensibilityGlobals) = postSolution
		SolutionGuid = {7CA419D1-CB4A-461B-854D-09F483198AB2}
	EndGlobalSection
EndGlobal
